// !$*UTF8*$!
{
	archiveVersion = 1;
	classes = {
	};
	objectVersion = 50;
	objects = {

/* Begin PBXBuildFile section */
		2F1F77652165EBC20048FF96 /* AppDelegate.swift in Sources */ = {isa = PBXBuildFile; fileRef = 2F1F77642165EBC20048FF96 /* AppDelegate.swift */; };
		2F1F77672165EBC20048FF96 /* ViewController.swift in Sources */ = {isa = PBXBuildFile; fileRef = 2F1F77662165EBC20048FF96 /* ViewController.swift */; };
		2F1F776A2165EBC20048FF96 /* Main.storyboard in Resources */ = {isa = PBXBuildFile; fileRef = 2F1F77682165EBC20048FF96 /* Main.storyboard */; };
		2F1F776C2165EBC40048FF96 /* Assets.xcassets in Resources */ = {isa = PBXBuildFile; fileRef = 2F1F776B2165EBC40048FF96 /* Assets.xcassets */; };
		2F1F776F2165EBC40048FF96 /* LaunchScreen.storyboard in Resources */ = {isa = PBXBuildFile; fileRef = 2F1F776D2165EBC40048FF96 /* LaunchScreen.storyboard */; };
		2F1F777A2165EBC40048FF96 /* MusicButtonsTests.swift in Sources */ = {isa = PBXBuildFile; fileRef = 2F1F77792165EBC40048FF96 /* MusicButtonsTests.swift */; };
		2F1F77852165EBC40048FF96 /* MusicButtonsUITests.swift in Sources */ = {isa = PBXBuildFile; fileRef = 2F1F77842165EBC40048FF96 /* MusicButtonsUITests.swift */; };
/* End PBXBuildFile section */

/* Begin PBXContainerItemProxy section */
		2F1F77762165EBC40048FF96 /* PBXContainerItemProxy */ = {
			isa = PBXContainerItemProxy;
			containerPortal = 2F1F77592165EBC20048FF96 /* Project object */;
			proxyType = 1;
			remoteGlobalIDString = 2F1F77602165EBC20048FF96;
			remoteInfo = MusicButtons;
		};
		2F1F77812165EBC40048FF96 /* PBXContainerItemProxy */ = {
			isa = PBXContainerItemProxy;
			containerPortal = 2F1F77592165EBC20048FF96 /* Project object */;
			proxyType = 1;
			remoteGlobalIDString = 2F1F77602165EBC20048FF96;
			remoteInfo = MusicButtons;
		};
/* End PBXContainerItemProxy section */

/* Begin PBXFileReference section */
		2F1F77612165EBC20048FF96 /* MusicButtons.app */ = {isa = PBXFileReference; explicitFileType = wrapper.application; includeInIndex = 0; path = MusicButtons.app; sourceTree = BUILT_PRODUCTS_DIR; };
		2F1F77642165EBC20048FF96 /* AppDelegate.swift */ = {isa = PBXFileReference; lastKnownFileType = sourcecode.swift; path = AppDelegate.swift; sourceTree = "<group>"; };
		2F1F77662165EBC20048FF96 /* ViewController.swift */ = {isa = PBXFileReference; lastKnownFileType = sourcecode.swift; path = ViewController.swift; sourceTree = "<group>"; };
		2F1F77692165EBC20048FF96 /* Base */ = {isa = PBXFileReference; lastKnownFileType = file.storyboard; name = Base; path = Base.lproj/Main.storyboard; sourceTree = "<group>"; };
		2F1F776B2165EBC40048FF96 /* Assets.xcassets */ = {isa = PBXFileReference; lastKnownFileType = folder.assetcatalog; path = Assets.xcassets; sourceTree = "<group>"; };
		2F1F776E2165EBC40048FF96 /* Base */ = {isa = PBXFileReference; lastKnownFileType = file.storyboard; name = Base; path = Base.lproj/LaunchScreen.storyboard; sourceTree = "<group>"; };
		2F1F77702165EBC40048FF96 /* Info.plist */ = {isa = PBXFileReference; lastKnownFileType = text.plist.xml; path = Info.plist; sourceTree = "<group>"; };
		2F1F77752165EBC40048FF96 /* MusicButtonsTests.xctest */ = {isa = PBXFileReference; explicitFileType = wrapper.cfbundle; includeInIndex = 0; path = MusicButtonsTests.xctest; sourceTree = BUILT_PRODUCTS_DIR; };
		2F1F77792165EBC40048FF96 /* MusicButtonsTests.swift */ = {isa = PBXFileReference; lastKnownFileType = sourcecode.swift; path = MusicButtonsTests.swift; sourceTree = "<group>"; };
		2F1F777B2165EBC40048FF96 /* Info.plist */ = {isa = PBXFileReference; lastKnownFileType = text.plist.xml; path = Info.plist; sourceTree = "<group>"; };
		2F1F77802165EBC40048FF96 /* MusicButtonsUITests.xctest */ = {isa = PBXFileReference; explicitFileType = wrapper.cfbundle; includeInIndex = 0; path = MusicButtonsUITests.xctest; sourceTree = BUILT_PRODUCTS_DIR; };
		2F1F77842165EBC40048FF96 /* MusicButtonsUITests.swift */ = {isa = PBXFileReference; lastKnownFileType = sourcecode.swift; path = MusicButtonsUITests.swift; sourceTree = "<group>"; };
		2F1F77862165EBC40048FF96 /* Info.plist */ = {isa = PBXFileReference; lastKnownFileType = text.plist.xml; path = Info.plist; sourceTree = "<group>"; };
/* End PBXFileReference section */

/* Begin PBXFrameworksBuildPhase section */
		2F1F775E2165EBC20048FF96 /* Frameworks */ = {
			isa = PBXFrameworksBuildPhase;
			buildActionMask = 2147483647;
			files = (
			);
			runOnlyForDeploymentPostprocessing = 0;
		};
		2F1F77722165EBC40048FF96 /* Frameworks */ = {
			isa = PBXFrameworksBuildPhase;
			buildActionMask = 2147483647;
			files = (
			);
			runOnlyForDeploymentPostprocessing = 0;
		};
		2F1F777D2165EBC40048FF96 /* Frameworks */ = {
			isa = PBXFrameworksBuildPhase;
			buildActionMask = 2147483647;
			files = (
			);
			runOnlyForDeploymentPostprocessing = 0;
		};
/* End PBXFrameworksBuildPhase section */

/* Begin PBXGroup section */
		2F1F77582165EBC20048FF96 = {
			isa = PBXGroup;
			children = (
				2F1F77632165EBC20048FF96 /* MusicButtons */,
				2F1F77782165EBC40048FF96 /* MusicButtonsTests */,
				2F1F77832165EBC40048FF96 /* MusicButtonsUITests */,
				2F1F77622165EBC20048FF96 /* Products */,
			);
			sourceTree = "<group>";
		};
		2F1F77622165EBC20048FF96 /* Products */ = {
			isa = PBXGroup;
			children = (
				2F1F77612165EBC20048FF96 /* MusicButtons.app */,
				2F1F77752165EBC40048FF96 /* MusicButtonsTests.xctest */,
				2F1F77802165EBC40048FF96 /* MusicButtonsUITests.xctest */,
			);
			name = Products;
			sourceTree = "<group>";
		};
		2F1F77632165EBC20048FF96 /* MusicButtons */ = {
			isa = PBXGroup;
			children = (
				2F1F77642165EBC20048FF96 /* AppDelegate.swift */,
				2F1F77662165EBC20048FF96 /* ViewController.swift */,
				2F1F77682165EBC20048FF96 /* Main.storyboard */,
				2F1F776B2165EBC40048FF96 /* Assets.xcassets */,
				2F1F776D2165EBC40048FF96 /* LaunchScreen.storyboard */,
				2F1F77702165EBC40048FF96 /* Info.plist */,
			);
			path = MusicButtons;
			sourceTree = "<group>";
		};
		2F1F77782165EBC40048FF96 /* MusicButtonsTests */ = {
			isa = PBXGroup;
			children = (
				2F1F77792165EBC40048FF96 /* MusicButtonsTests.swift */,
				2F1F777B2165EBC40048FF96 /* Info.plist */,
			);
			path = MusicButtonsTests;
			sourceTree = "<group>";
		};
		2F1F77832165EBC40048FF96 /* MusicButtonsUITests */ = {
			isa = PBXGroup;
			children = (
				2F1F77842165EBC40048FF96 /* MusicButtonsUITests.swift */,
				2F1F77862165EBC40048FF96 /* Info.plist */,
			);
			path = MusicButtonsUITests;
			sourceTree = "<group>";
		};
/* End PBXGroup section */

/* Begin PBXNativeTarget section */
		2F1F77602165EBC20048FF96 /* MusicButtons */ = {
			isa = PBXNativeTarget;
			buildConfigurationList = 2F1F77892165EBC40048FF96 /* Build configuration list for PBXNativeTarget "MusicButtons" */;
			buildPhases = (
				2F1F775D2165EBC20048FF96 /* Sources */,
				2F1F775E2165EBC20048FF96 /* Frameworks */,
				2F1F775F2165EBC20048FF96 /* Resources */,
			);
			buildRules = (
			);
			dependencies = (
			);
			name = MusicButtons;
			productName = MusicButtons;
			productReference = 2F1F77612165EBC20048FF96 /* MusicButtons.app */;
			productType = "com.apple.product-type.application";
		};
		2F1F77742165EBC40048FF96 /* MusicButtonsTests */ = {
			isa = PBXNativeTarget;
			buildConfigurationList = 2F1F778C2165EBC40048FF96 /* Build configuration list for PBXNativeTarget "MusicButtonsTests" */;
			buildPhases = (
				2F1F77712165EBC40048FF96 /* Sources */,
				2F1F77722165EBC40048FF96 /* Frameworks */,
				2F1F77732165EBC40048FF96 /* Resources */,
			);
			buildRules = (
			);
			dependencies = (
				2F1F77772165EBC40048FF96 /* PBXTargetDependency */,
			);
			name = MusicButtonsTests;
			productName = MusicButtonsTests;
			productReference = 2F1F77752165EBC40048FF96 /* MusicButtonsTests.xctest */;
			productType = "com.apple.product-type.bundle.unit-test";
		};
		2F1F777F2165EBC40048FF96 /* MusicButtonsUITests */ = {
			isa = PBXNativeTarget;
			buildConfigurationList = 2F1F778F2165EBC40048FF96 /* Build configuration list for PBXNativeTarget "MusicButtonsUITests" */;
			buildPhases = (
				2F1F777C2165EBC40048FF96 /* Sources */,
				2F1F777D2165EBC40048FF96 /* Frameworks */,
				2F1F777E2165EBC40048FF96 /* Resources */,
			);
			buildRules = (
			);
			dependencies = (
				2F1F77822165EBC40048FF96 /* PBXTargetDependency */,
			);
			name = MusicButtonsUITests;
			productName = MusicButtonsUITests;
			productReference = 2F1F77802165EBC40048FF96 /* MusicButtonsUITests.xctest */;
			productType = "com.apple.product-type.bundle.ui-testing";
		};
/* End PBXNativeTarget section */

/* Begin PBXProject section */
		2F1F77592165EBC20048FF96 /* Project object */ = {
			isa = PBXProject;
			attributes = {
				LastSwiftUpdateCheck = 1000;
				LastUpgradeCheck = 1000;
				ORGANIZATIONNAME = "vdab cursist";
				TargetAttributes = {
					2F1F77602165EBC20048FF96 = {
						CreatedOnToolsVersion = 10.0;
					};
					2F1F77742165EBC40048FF96 = {
						CreatedOnToolsVersion = 10.0;
						TestTargetID = 2F1F77602165EBC20048FF96;
					};
					2F1F777F2165EBC40048FF96 = {
						CreatedOnToolsVersion = 10.0;
						TestTargetID = 2F1F77602165EBC20048FF96;
					};
				};
			};
			buildConfigurationList = 2F1F775C2165EBC20048FF96 /* Build configuration list for PBXProject "MusicButtons" */;
			compatibilityVersion = "Xcode 9.3";
			developmentRegion = en;
			hasScannedForEncodings = 0;
			knownRegions = (
				en,
				Base,
			);
			mainGroup = 2F1F77582165EBC20048FF96;
			productRefGroup = 2F1F77622165EBC20048FF96 /* Products */;
			projectDirPath = "";
			projectRoot = "";
			targets = (
				2F1F77602165EBC20048FF96 /* MusicButtons */,
				2F1F77742165EBC40048FF96 /* MusicButtonsTests */,
				2F1F777F2165EBC40048FF96 /* MusicButtonsUITests */,
			);
		};
/* End PBXProject section */

/* Begin PBXResourcesBuildPhase section */
		2F1F775F2165EBC20048FF96 /* Resources */ = {
			isa = PBXResourcesBuildPhase;
			buildActionMask = 2147483647;
			files = (
				2F1F776F2165EBC40048FF96 /* LaunchScreen.storyboard in Resources */,
				2F1F776C2165EBC40048FF96 /* Assets.xcassets in Resources */,
				2F1F776A2165EBC20048FF96 /* Main.storyboard in Resources */,
			);
			runOnlyForDeploymentPostprocessing = 0;
		};
		2F1F77732165EBC40048FF96 /* Resources */ = {
			isa = PBXResourcesBuildPhase;
			buildActionMask = 2147483647;
			files = (
			);
			runOnlyForDeploymentPostprocessing = 0;
		};
		2F1F777E2165EBC40048FF96 /* Resources */ = {
			isa = PBXResourcesBuildPhase;
			buildActionMask = 2147483647;
			files = (
			);
			runOnlyForDeploymentPostprocessing = 0;
		};
/* End PBXResourcesBuildPhase section */

/* Begin PBXSourcesBuildPhase section */
		2F1F775D2165EBC20048FF96 /* Sources */ = {
			isa = PBXSourcesBuildPhase;
			buildActionMask = 2147483647;
			files = (
				2F1F77672165EBC20048FF96 /* ViewController.swift in Sources */,
				2F1F77652165EBC20048FF96 /* AppDelegate.swift in Sources */,
			);
			runOnlyForDeploymentPostprocessing = 0;
		};
		2F1F77712165EBC40048FF96 /* Sources */ = {
			isa = PBXSourcesBuildPhase;
			buildActionMask = 2147483647;
			files = (
				2F1F777A2165EBC40048FF96 /* MusicButtonsTests.swift in Sources */,
			);
			runOnlyForDeploymentPostprocessing = 0;
		};
		2F1F777C2165EBC40048FF96 /* Sources */ = {
			isa = PBXSourcesBuildPhase;
			buildActionMask = 2147483647;
			files = (
				2F1F77852165EBC40048FF96 /* MusicButtonsUITests.swift in Sources */,
			);
			runOnlyForDeploymentPostprocessing = 0;
		};
/* End PBXSourcesBuildPhase section */

/* Begin PBXTargetDependency section */
		2F1F77772165EBC40048FF96 /* PBXTargetDependency */ = {
			isa = PBXTargetDependency;
			target = 2F1F77602165EBC20048FF96 /* MusicButtons */;
			targetProxy = 2F1F77762165EBC40048FF96 /* PBXContainerItemProxy */;
		};
		2F1F77822165EBC40048FF96 /* PBXTargetDependency */ = {
			isa = PBXTargetDependency;
			target = 2F1F77602165EBC20048FF96 /* MusicButtons */;
			targetProxy = 2F1F77812165EBC40048FF96 /* PBXContainerItemProxy */;
		};
/* End PBXTargetDependency section */

/* Begin PBXVariantGroup section */
		2F1F77682165EBC20048FF96 /* Main.storyboard */ = {
			isa = PBXVariantGroup;
			children = (
				2F1F77692165EBC20048FF96 /* Base */,
			);
			name = Main.storyboard;
			sourceTree = "<group>";
		};
		2F1F776D2165EBC40048FF96 /* LaunchScreen.storyboard */ = {
			isa = PBXVariantGroup;
			children = (
				2F1F776E2165EBC40048FF96 /* Base */,
			);
			name = LaunchScreen.storyboard;
			sourceTree = "<group>";
		};
/* End PBXVariantGroup section */

/* Begin XCBuildConfiguration section */
		2F1F77872165EBC40048FF96 /* Debug */ = {
			isa = XCBuildConfiguration;
			buildSettings = {
				ALWAYS_SEARCH_USER_PATHS = NO;
				CLANG_ANALYZER_NONNULL = YES;
				CLANG_ANALYZER_NUMBER_OBJECT_CONVERSION = YES_AGGRESSIVE;
				CLANG_CXX_LANGUAGE_STANDARD = "gnu++14";
				CLANG_CXX_LIBRARY = "libc++";
				CLANG_ENABLE_MODULES = YES;
				CLANG_ENABLE_OBJC_ARC = YES;
				CLANG_ENABLE_OBJC_WEAK = YES;
				CLANG_WARN_BLOCK_CAPTURE_AUTORELEASING = YES;
				CLANG_WARN_BOOL_CONVERSION = YES;
				CLANG_WARN_COMMA = YES;
				CLANG_WARN_CONSTANT_CONVERSION = YES;
				CLANG_WARN_DEPRECATED_OBJC_IMPLEMENTATIONS = YES;
				CLANG_WARN_DIRECT_OBJC_ISA_USAGE = YES_ERROR;
				CLANG_WARN_DOCUMENTATION_COMMENTS = YES;
				CLANG_WARN_EMPTY_BODY = YES;
				CLANG_WARN_ENUM_CONVERSION = YES;
				CLANG_WARN_INFINITE_RECURSION = YES;
				CLANG_WARN_INT_CONVERSION = YES;
				CLANG_WARN_NON_LITERAL_NULL_CONVERSION = YES;
				CLANG_WARN_OBJC_IMPLICIT_RETAIN_SELF = YES;
				CLANG_WARN_OBJC_LITERAL_CONVERSION = YES;
				CLANG_WARN_OBJC_ROOT_CLASS = YES_ERROR;
				CLANG_WARN_RANGE_LOOP_ANALYSIS = YES;
				CLANG_WARN_STRICT_PROTOTYPES = YES;
				CLANG_WARN_SUSPICIOUS_MOVE = YES;
				CLANG_WARN_UNGUARDED_AVAILABILITY = YES_AGGRESSIVE;
				CLANG_WARN_UNREACHABLE_CODE = YES;
				CLANG_WARN__DUPLICATE_METHOD_MATCH = YES;
				CODE_SIGN_IDENTITY = "iPhone Developer";
				COPY_PHASE_STRIP = NO;
				DEBUG_INFORMATION_FORMAT = dwarf;
				ENABLE_STRICT_OBJC_MSGSEND = YES;
				ENABLE_TESTABILITY = YES;
				GCC_C_LANGUAGE_STANDARD = gnu11;
				GCC_DYNAMIC_NO_PIC = NO;
				GCC_NO_COMMON_BLOCKS = YES;
				GCC_OPTIMIZATION_LEVEL = 0;
				GCC_PREPROCESSOR_DEFINITIONS = (
					"DEBUG=1",
					"$(inherited)",
				);
				GCC_WARN_64_TO_32_BIT_CONVERSION = YES;
				GCC_WARN_ABOUT_RETURN_TYPE = YES_ERROR;
				GCC_WARN_UNDECLARED_SELECTOR = YES;
				GCC_WARN_UNINITIALIZED_AUTOS = YES_AGGRESSIVE;
				GCC_WARN_UNUSED_FUNCTION = YES;
				GCC_WARN_UNUSED_VARIABLE = YES;
				IPHONEOS_DEPLOYMENT_TARGET = 12.0;
				MTL_ENABLE_DEBUG_INFO = INCLUDE_SOURCE;
				MTL_FAST_MATH = YES;
				ONLY_ACTIVE_ARCH = YES;
				SDKROOT = iphoneos;
				SWIFT_ACTIVE_COMPILATION_CONDITIONS = DEBUG;
				SWIFT_OPTIMIZATION_LEVEL = "-Onone";
			};
			name = Debug;
		};
		2F1F77882165EBC40048FF96 /* Release */ = {
			isa = XCBuildConfiguration;
			buildSettings = {
				ALWAYS_SEARCH_USER_PATHS = NO;
				CLANG_ANALYZER_NONNULL = YES;
				CLANG_ANALYZER_NUMBER_OBJECT_CONVERSION = YES_AGGRESSIVE;
				CLANG_CXX_LANGUAGE_STANDARD = "gnu++14";
				CLANG_CXX_LIBRARY = "libc++";
				CLANG_ENABLE_MODULES = YES;
				CLANG_ENABLE_OBJC_ARC = YES;
				CLANG_ENABLE_OBJC_WEAK = YES;
				CLANG_WARN_BLOCK_CAPTURE_AUTORELEASING = YES;
				CLANG_WARN_BOOL_CONVERSION = YES;
				CLANG_WARN_COMMA = YES;
				CLANG_WARN_CONSTANT_CONVERSION = YES;
				CLANG_WARN_DEPRECATED_OBJC_IMPLEMENTATIONS = YES;
				CLANG_WARN_DIRECT_OBJC_ISA_USAGE = YES_ERROR;
				CLANG_WARN_DOCUMENTATION_COMMENTS = YES;
				CLANG_WARN_EMPTY_BODY = YES;
				CLANG_WARN_ENUM_CONVERSION = YES;
				CLANG_WARN_INFINITE_RECURSION = YES;
				CLANG_WARN_INT_CONVERSION = YES;
				CLANG_WARN_NON_LITERAL_NULL_CONVERSION = YES;
				CLANG_WARN_OBJC_IMPLICIT_RETAIN_SELF = YES;
				CLANG_WARN_OBJC_LITERAL_CONVERSION = YES;
				CLANG_WARN_OBJC_ROOT_CLASS = YES_ERROR;
				CLANG_WARN_RANGE_LOOP_ANALYSIS = YES;
				CLANG_WARN_STRICT_PROTOTYPES = YES;
				CLANG_WARN_SUSPICIOUS_MOVE = YES;
				CLANG_WARN_UNGUARDED_AVAILABILITY = YES_AGGRESSIVE;
				CLANG_WARN_UNREACHABLE_CODE = YES;
				CLANG_WARN__DUPLICATE_METHOD_MATCH = YES;
				CODE_SIGN_IDENTITY = "iPhone Developer";
				COPY_PHASE_STRIP = NO;
				DEBUG_INFORMATION_FORMAT = "dwarf-with-dsym";
				ENABLE_NS_ASSERTIONS = NO;
				ENABLE_STRICT_OBJC_MSGSEND = YES;
				GCC_C_LANGUAGE_STANDARD = gnu11;
				GCC_NO_COMMON_BLOCKS = YES;
				GCC_WARN_64_TO_32_BIT_CONVERSION = YES;
				GCC_WARN_ABOUT_RETURN_TYPE = YES_ERROR;
				GCC_WARN_UNDECLARED_SELECTOR = YES;
				GCC_WARN_UNINITIALIZED_AUTOS = YES_AGGRESSIVE;
				GCC_WARN_UNUSED_FUNCTION = YES;
				GCC_WARN_UNUSED_VARIABLE = YES;
				IPHONEOS_DEPLOYMENT_TARGET = 12.0;
				MTL_ENABLE_DEBUG_INFO = NO;
				MTL_FAST_MATH = YES;
				SDKROOT = iphoneos;
				SWIFT_COMPILATION_MODE = wholemodule;
				SWIFT_OPTIMIZATION_LEVEL = "-O";
				VALIDATE_PRODUCT = YES;
			};
			name = Release;
		};
		2F1F778A2165EBC40048FF96 /* Debug */ = {
			isa = XCBuildConfiguration;
			buildSettings = {
				ASSETCATALOG_COMPILER_APPICON_NAME = AppIcon;
				CODE_SIGN_STYLE = Automatic;
				INFOPLIST_FILE = MusicButtons/Info.plist;
				LD_RUNPATH_SEARCH_PATHS = (
					"$(inherited)",
					"@executable_path/Frameworks",
				);
				PRODUCT_BUNDLE_IDENTIFIER = eu.appcradle.vdab.MusicButtons;
				PRODUCT_NAME = "$(TARGET_NAME)";
				SWIFT_VERSION = 4.2;
				TARGETED_DEVICE_FAMILY = "1,2";
			};
			name = Debug;
		};
		2F1F778B2165EBC40048FF96 /* Release */ = {
			isa = XCBuildConfiguration;
			buildSettings = {
				ASSETCATALOG_COMPILER_APPICON_NAME = AppIcon;
				CODE_SIGN_STYLE = Automatic;
				INFOPLIST_FILE = MusicButtons/Info.plist;
				LD_RUNPATH_SEARCH_PATHS = (
					"$(inherited)",
					"@executable_path/Frameworks",
				);
				PRODUCT_BUNDLE_IDENTIFIER = eu.appcradle.vdab.MusicButtons;
				PRODUCT_NAME = "$(TARGET_NAME)";
				SWIFT_VERSION = 4.2;
				TARGETED_DEVICE_FAMILY = "1,2";
			};
			name = Release;
		};
		2F1F778D2165EBC40048FF96 /* Debug */ = {
			isa = XCBuildConfiguration;
			buildSettings = {
				ALWAYS_EMBED_SWIFT_STANDARD_LIBRARIES = YES;
				BUNDLE_LOADER = "$(TEST_HOST)";
				CODE_SIGN_STYLE = Automatic;
				INFOPLIST_FILE = MusicButtonsTests/Info.plist;
				LD_RUNPATH_SEARCH_PATHS = (
					"$(inherited)",
					"@executable_path/Frameworks",
					"@loader_path/Frameworks",
				);
				PRODUCT_BUNDLE_IDENTIFIER = eu.appcradle.vdab.MusicButtonsTests;
				PRODUCT_NAME = "$(TARGET_NAME)";
				SWIFT_VERSION = 4.2;
				TARGETED_DEVICE_FAMILY = "1,2";
				TEST_HOST = "$(BUILT_PRODUCTS_DIR)/MusicButtons.app/MusicButtons";
			};
			name = Debug;
		};
		2F1F778E2165EBC40048FF96 /* Release */ = {
			isa = XCBuildConfiguration;
			buildSettings = {
				ALWAYS_EMBED_SWIFT_STANDARD_LIBRARIES = YES;
				BUNDLE_LOADER = "$(TEST_HOST)";
				CODE_SIGN_STYLE = Automatic;
				INFOPLIST_FILE = MusicButtonsTests/Info.plist;
				LD_RUNPATH_SEARCH_PATHS = (
					"$(inherited)",
					"@executable_path/Frameworks",
					"@loader_path/Frameworks",
				);
				PRODUCT_BUNDLE_IDENTIFIER = eu.appcradle.vdab.MusicButtonsTests;
				PRODUCT_NAME = "$(TARGET_NAME)";
				SWIFT_VERSION = 4.2;
				TARGETED_DEVICE_FAMILY = "1,2";
				TEST_HOST = "$(BUILT_PRODUCTS_DIR)/MusicButtons.app/MusicButtons";
			};
			name = Release;
		};
		2F1F77902165EBC40048FF96 /* Debug */ = {
			isa = XCBuildConfiguration;
			buildSettings = {
				ALWAYS_EMBED_SWIFT_STANDARD_LIBRARIES = YES;
				CODE_SIGN_STYLE = Automatic;
				INFOPLIST_FILE = MusicButtonsUITests/Info.plist;
				LD_RUNPATH_SEARCH_PATHS = (
					"$(inherited)",
					"@executable_path/Frameworks",
					"@loader_path/Frameworks",
				);
				PRODUCT_BUNDLE_IDENTIFIER = eu.appcradle.vdab.MusicButtonsUITests;
				PRODUCT_NAME = "$(TARGET_NAME)";
				SWIFT_VERSION = 4.2;
				TARGETED_DEVICE_FAMILY = "1,2";
				TEST_TARGET_NAME = MusicButtons;
			};
			name = Debug;
		};
		2F1F77912165EBC40048FF96 /* Release */ = {
			isa = XCBuildConfiguration;
			buildSettings = {
				ALWAYS_EMBED_SWIFT_STANDARD_LIBRARIES = YES;
				CODE_SIGN_STYLE = Automatic;
				INFOPLIST_FILE = MusicButtonsUITests/Info.plist;
				LD_RUNPATH_SEARCH_PATHS = (
					"$(inherited)",
					"@executable_path/Frameworks",
					"@loader_path/Frameworks",
				);
				PRODUCT_BUNDLE_IDENTIFIER = eu.appcradle.vdab.MusicButtonsUITests;
				PRODUCT_NAME = "$(TARGET_NAME)";
				SWIFT_VERSION = 4.2;
				TARGETED_DEVICE_FAMILY = "1,2";
				TEST_TARGET_NAME = MusicButtons;
			};
			name = Release;
		};
/* End XCBuildConfiguration section */

/* Begin XCConfigurationList section */
		2F1F775C2165EBC20048FF96 /* Build configuration list for PBXProject "MusicButtons" */ = {
			isa = XCConfigurationList;
			buildConfigurations = (
				2F1F77872165EBC40048FF96 /* Debug */,
				2F1F77882165EBC40048FF96 /* Release */,
			);
			defaultConfigurationIsVisible = 0;
			defaultConfigurationName = Release;
		};
		2F1F77892165EBC40048FF96 /* Build configuration list for PBXNativeTarget "MusicButtons" */ = {
			isa = XCConfigurationList;
			buildConfigurations = (
				2F1F778A2165EBC40048FF96 /* Debug */,
				2F1F778B2165EBC40048FF96 /* Release */,
			);
			defaultConfigurationIsVisible = 0;
			defaultConfigurationName = Release;
		};
		2F1F778C2165EBC40048FF96 /* Build configuration list for PBXNativeTarget "MusicButtonsTests" */ = {
			isa = XCConfigurationList;
			buildConfigurations = (
				2F1F778D2165EBC40048FF96 /* Debug */,
				2F1F778E2165EBC40048FF96 /* Release */,
			);
			defaultConfigurationIsVisible = 0;
			defaultConfigurationName = Release;
		};
		2F1F778F2165EBC40048FF96 /* Build configuration list for PBXNativeTarget "MusicButtonsUITests" */ = {
			isa = XCConfigurationList;
			buildConfigurations = (
				2F1F77902165EBC40048FF96 /* Debug */,
				2F1F77912165EBC40048FF96 /* Release */,
			);
			defaultConfigurationIsVisible = 0;
			defaultConfigurationName = Release;
		};
/* End XCConfigurationList section */
	};
	rootObject = 2F1F77592165EBC20048FF96 /* Project object */;
}
